// !$*UTF8*$!
{
	archiveVersion = 1;
	classes = {
	};
	objectVersion = 46;
	objects = {

/* Begin PBXGroup section */
		34CFEA341DC8F2E000F0F4A6 = {
			isa = PBXGroup;
			children = (
			);
			sourceTree = "<group>";
		};
/* End PBXGroup section */

/* Begin PBXProject section */
		34CFEA351DC8F2E000F0F4A6 /* Project object */ = {
			isa = PBXProject;
			attributes = {
				LastUpgradeCheck = 0810;
			};
			buildConfigurationList = 34CFEA381DC8F2E000F0F4A6 /* Build configuration list for PBXProject "Ajudai" */;
			compatibilityVersion = "Xcode 3.2";
			developmentRegion = English;
			hasScannedForEncodings = 0;
			knownRegions = (
				en,
			);
			mainGroup = 34CFEA341DC8F2E000F0F4A6;
			projectDirPath = "";
			projectRoot = "";
			targets = (
			);
		};
/* End PBXProject section */

/* Begin XCBuildConfiguration section */
		34CFEA391DC8F2E000F0F4A6 /* Debug */ = {
			isa = XCBuildConfiguration;
			buildSettings = {
			};
			name = Debug;
		};
		34CFEA3A1DC8F2E000F0F4A6 /* Release */ = {
			isa = XCBuildConfiguration;
			buildSettings = {
			};
			name = Release;
		};
/* End XCBuildConfiguration section */

/* Begin XCConfigurationList section */
		34CFEA381DC8F2E000F0F4A6 /* Build configuration list for PBXProject "Ajudai" */ = {
			isa = XCConfigurationList;
			buildConfigurations = (
				34CFEA391DC8F2E000F0F4A6 /* Debug */,
				34CFEA3A1DC8F2E000F0F4A6 /* Release */,
			);
			defaultConfigurationIsVisible = 0;
			defaultConfigurationName = Release;
		};
/* End XCConfigurationList section */
	};
	rootObject = 34CFEA351DC8F2E000F0F4A6 /* Project object */;
}
